
Microsoft Visual Studio Solution File, Format Version 12.00
# Visual Studio Version 16
VisualStudioVersion = 16.0.30804.86
MinimumVisualStudioVersion = 10.0.40219.1
Project("{FAE04EC0-301F-11D3-BF4B-00C04F79EFBC}") = "Apr19_CustomList", "Apr19_CustomList.csproj", "{0DC98413-EA32-450F-A750-96FE752728E8}"
EndProject
Global
	GlobalSection(SolutionConfigurationPlatforms) = preSolution
		Debug|Any CPU = Debug|Any CPU
		Release|Any CPU = Release|Any CPU
	EndGlobalSection
	GlobalSection(ProjectConfigurationPlatforms) = postSolution
		{0DC98413-EA32-450F-A750-96FE752728E8}.Debug|Any CPU.ActiveCfg = Debug|Any CPU
		{0DC98413-EA32-450F-A750-96FE752728E8}.Debug|Any CPU.Build.0 = Debug|Any CPU
		{0DC98413-EA32-450F-A750-96FE752728E8}.Release|Any CPU.ActiveCfg = Release|Any CPU
		{0DC98413-EA32-450F-A750-96FE752728E8}.Release|Any CPU.Build.0 = Release|Any CPU
	EndGlobalSection
	GlobalSection(SolutionProperties) = preSolution
		HideSolutionNode = FALSE
	EndGlobalSection
	GlobalSection(ExtensibilityGlobals) = postSolution
		SolutionGuid = {FA152F10-AC98-4753-93B0-B57EE16E5C0D}
	EndGlobalSection
EndGlobal
